
Microsoft Visual Studio Solution File, Format Version 12.00
# Visual Studio Version 17
VisualStudioVersion = 17.0.32126.317
MinimumVisualStudioVersion = 10.0.40219.1
Project("{FAE04EC0-301F-11D3-BF4B-00C04F79EFBC}") = "Serilog-Custom-Formatter", "Serilog-Custom-Formatter\Serilog-Custom-Formatter.csproj", "{706F1802-5150-4BB8-BD9C-0ABEC7A81BEF}"
EndProject
Global
	GlobalSection(SolutionConfigurationPlatforms) = preSolution
		Debug|Any CPU = Debug|Any CPU
		Release|Any CPU = Release|Any CPU
	EndGlobalSection
	GlobalSection(ProjectConfigurationPlatforms) = postSolution
		{706F1802-5150-4BB8-BD9C-0ABEC7A81BEF}.Debug|Any CPU.ActiveCfg = Debug|Any CPU
		{706F1802-5150-4BB8-BD9C-0ABEC7A81BEF}.Debug|Any CPU.Build.0 = Debug|Any CPU
		{706F1802-5150-4BB8-BD9C-0ABEC7A81BEF}.Release|Any CPU.ActiveCfg = Release|Any CPU
		{706F1802-5150-4BB8-BD9C-0ABEC7A81BEF}.Release|Any CPU.Build.0 = Release|Any CPU
	EndGlobalSection
	GlobalSection(SolutionProperties) = preSolution
		HideSolutionNode = FALSE
	EndGlobalSection
	GlobalSection(ExtensibilityGlobals) = postSolution
		SolutionGuid = {913F2533-4FF6-4ADC-9AF2-6E4EDBFB8EBC}
	EndGlobalSection
EndGlobal
